
Microsoft Visual Studio Solution File, Format Version 12.00
# Visual Studio Version 17
VisualStudioVersion = 17.8.34309.116
MinimumVisualStudioVersion = 10.0.40219.1
Project("{FAE04EC0-301F-11D3-BF4B-00C04F79EFBC}") = "Phanmemquanlybanhang", "Phanmemquanlybanhang\Phanmemquanlybanhang.csproj", "{A79BB481-34EA-480B-94B3-EC7F004EF46A}"
EndProject
Project("{2150E333-8FDC-42A3-9474-1A3956D46DE8}") = "Solution Items", "Solution Items", "{F02DC8D3-5AF8-4618-B421-95A73133AEE6}"
	ProjectSection(SolutionItems) = preProject
		.editorconfig = .editorconfig
	EndProjectSection
EndProject
Global
	GlobalSection(SolutionConfigurationPlatforms) = preSolution
		Debug|Any CPU = Debug|Any CPU
		Release|Any CPU = Release|Any CPU
	EndGlobalSection
	GlobalSection(ProjectConfigurationPlatforms) = postSolution
		{A79BB481-34EA-480B-94B3-EC7F004EF46A}.Debug|Any CPU.ActiveCfg = Debug|Any CPU
		{A79BB481-34EA-480B-94B3-EC7F004EF46A}.Debug|Any CPU.Build.0 = Debug|Any CPU
		{A79BB481-34EA-480B-94B3-EC7F004EF46A}.Release|Any CPU.ActiveCfg = Release|Any CPU
		{A79BB481-34EA-480B-94B3-EC7F004EF46A}.Release|Any CPU.Build.0 = Release|Any CPU
	EndGlobalSection
	GlobalSection(SolutionProperties) = preSolution
		HideSolutionNode = FALSE
	EndGlobalSection
	GlobalSection(ExtensibilityGlobals) = postSolution
		SolutionGuid = {5E821E9D-3553-41C2-8399-A5938004492B}
	EndGlobalSection
EndGlobal
